
Microsoft Visual Studio Solution File, Format Version 12.00
# Visual Studio Version 17
VisualStudioVersion = 17.0.31903.59
MinimumVisualStudioVersion = 10.0.40219.1
Project("{FAE04EC0-301F-11D3-BF4B-00C04F79EFBC}") = "BloomFilter", "BloomFilter\BloomFilter.csproj", "{538A63C8-72BC-4065-BCF0-65F1B64026E5}"
EndProject
Project("{FAE04EC0-301F-11D3-BF4B-00C04F79EFBC}") = "Tests", "Tests\Tests.csproj", "{98645783-EF1E-448B-8008-75BC4B94429E}"
EndProject
Global
	GlobalSection(SolutionConfigurationPlatforms) = preSolution
		Debug|Any CPU = Debug|Any CPU
		Release|Any CPU = Release|Any CPU
	EndGlobalSection
	GlobalSection(SolutionProperties) = preSolution
		HideSolutionNode = FALSE
	EndGlobalSection
	GlobalSection(ProjectConfigurationPlatforms) = postSolution
		{538A63C8-72BC-4065-BCF0-65F1B64026E5}.Debug|Any CPU.ActiveCfg = Debug|Any CPU
		{538A63C8-72BC-4065-BCF0-65F1B64026E5}.Debug|Any CPU.Build.0 = Debug|Any CPU
		{538A63C8-72BC-4065-BCF0-65F1B64026E5}.Release|Any CPU.ActiveCfg = Release|Any CPU
		{538A63C8-72BC-4065-BCF0-65F1B64026E5}.Release|Any CPU.Build.0 = Release|Any CPU
		{98645783-EF1E-448B-8008-75BC4B94429E}.Debug|Any CPU.ActiveCfg = Debug|Any CPU
		{98645783-EF1E-448B-8008-75BC4B94429E}.Debug|Any CPU.Build.0 = Debug|Any CPU
		{98645783-EF1E-448B-8008-75BC4B94429E}.Release|Any CPU.ActiveCfg = Release|Any CPU
		{98645783-EF1E-448B-8008-75BC4B94429E}.Release|Any CPU.Build.0 = Release|Any CPU
	EndGlobalSection
EndGlobal
